
Microsoft Visual Studio Solution File, Format Version 12.00
# Visual Studio Version 16
VisualStudioVersion = 25.0.1706.4
MinimumVisualStudioVersion = 10.0.40219.1
Project("{FAE04EC0-301F-11D3-BF4B-00C04F79EFBC}") = "ISM6225_Fall_2023_Assignment_2", "ISM6225_Fall_2023_Assignment_2\ISM6225_Fall_2023_Assignment_2.csproj", "{5AEF6273-40D7-4058-AD2A-9753D715DEDE}"
EndProject
Global
	GlobalSection(SolutionConfigurationPlatforms) = preSolution
		Debug|Any CPU = Debug|Any CPU
		Release|Any CPU = Release|Any CPU
	EndGlobalSection
	GlobalSection(ProjectConfigurationPlatforms) = postSolution
		{5AEF6273-40D7-4058-AD2A-9753D715DEDE}.Debug|Any CPU.ActiveCfg = Debug|Any CPU
		{5AEF6273-40D7-4058-AD2A-9753D715DEDE}.Debug|Any CPU.Build.0 = Debug|Any CPU
		{5AEF6273-40D7-4058-AD2A-9753D715DEDE}.Release|Any CPU.ActiveCfg = Release|Any CPU
		{5AEF6273-40D7-4058-AD2A-9753D715DEDE}.Release|Any CPU.Build.0 = Release|Any CPU
	EndGlobalSection
	GlobalSection(SolutionProperties) = preSolution
		HideSolutionNode = FALSE
	EndGlobalSection
	GlobalSection(ExtensibilityGlobals) = postSolution
		SolutionGuid = {48271B0C-98F5-411A-A816-D77006D883DA}
	EndGlobalSection
EndGlobal
